
Microsoft Visual Studio Solution File, Format Version 12.00
# Visual Studio 15
Project("{FAE04EC0-301F-11D3-BF4B-00C04F79EFBC}") = "Decorator", "Decorator\Decorator.csproj", "{FF3BA2BC-290F-41D2-BECB-929CE41EC207}"
EndProject
Global
	GlobalSection(SolutionConfigurationPlatforms) = preSolution
		Debug|Any CPU = Debug|Any CPU
		Release|Any CPU = Release|Any CPU
	EndGlobalSection
	GlobalSection(ProjectConfigurationPlatforms) = postSolution
		{FF3BA2BC-290F-41D2-BECB-929CE41EC207}.Debug|Any CPU.ActiveCfg = Debug|Any CPU
		{FF3BA2BC-290F-41D2-BECB-929CE41EC207}.Debug|Any CPU.Build.0 = Debug|Any CPU
		{FF3BA2BC-290F-41D2-BECB-929CE41EC207}.Release|Any CPU.ActiveCfg = Release|Any CPU
		{FF3BA2BC-290F-41D2-BECB-929CE41EC207}.Release|Any CPU.Build.0 = Release|Any CPU
	EndGlobalSection
EndGlobal
