
Microsoft Visual Studio Solution File, Format Version 12.00
# Visual Studio 15
Project("{FAE04EC0-301F-11D3-BF4B-00C04F79EFBC}") = "Factory", "Factory\Factory.csproj", "{05CE9A0F-FFBA-4277-9648-C8323706422D}"
EndProject
Global
	GlobalSection(SolutionConfigurationPlatforms) = preSolution
		Debug|Any CPU = Debug|Any CPU
		Release|Any CPU = Release|Any CPU
	EndGlobalSection
	GlobalSection(ProjectConfigurationPlatforms) = postSolution
		{05CE9A0F-FFBA-4277-9648-C8323706422D}.Debug|Any CPU.ActiveCfg = Debug|Any CPU
		{05CE9A0F-FFBA-4277-9648-C8323706422D}.Debug|Any CPU.Build.0 = Debug|Any CPU
		{05CE9A0F-FFBA-4277-9648-C8323706422D}.Release|Any CPU.ActiveCfg = Release|Any CPU
		{05CE9A0F-FFBA-4277-9648-C8323706422D}.Release|Any CPU.Build.0 = Release|Any CPU
	EndGlobalSection
EndGlobal
