
Microsoft Visual Studio Solution File, Format Version 12.00
# Visual Studio Version 17
VisualStudioVersion = 17.6.33815.320
MinimumVisualStudioVersion = 10.0.40219.1
Project("{9A19103F-16F7-4668-BE54-9A1E7A4F7556}") = "Mediator", "Mediator.csproj", "{49FC790B-FA96-413B-8182-B97DE81E0568}"
EndProject
Global
	GlobalSection(SolutionConfigurationPlatforms) = preSolution
		Debug|Any CPU = Debug|Any CPU
		Release|Any CPU = Release|Any CPU
	EndGlobalSection
	GlobalSection(ProjectConfigurationPlatforms) = postSolution
		{49FC790B-FA96-413B-8182-B97DE81E0568}.Debug|Any CPU.ActiveCfg = Debug|Any CPU
		{49FC790B-FA96-413B-8182-B97DE81E0568}.Debug|Any CPU.Build.0 = Debug|Any CPU
		{49FC790B-FA96-413B-8182-B97DE81E0568}.Release|Any CPU.ActiveCfg = Release|Any CPU
		{49FC790B-FA96-413B-8182-B97DE81E0568}.Release|Any CPU.Build.0 = Release|Any CPU
	EndGlobalSection
	GlobalSection(SolutionProperties) = preSolution
		HideSolutionNode = FALSE
	EndGlobalSection
	GlobalSection(ExtensibilityGlobals) = postSolution
		SolutionGuid = {968DC95F-C6E9-46B6-9C32-00D40C4CE313}
	EndGlobalSection
EndGlobal
