
Microsoft Visual Studio Solution File, Format Version 12.00
# Visual Studio Version 17
VisualStudioVersion = 17.6.33815.320
MinimumVisualStudioVersion = 10.0.40219.1
Project("{9A19103F-16F7-4668-BE54-9A1E7A4F7556}") = "Iterator", "Iterator.csproj", "{53A4D182-0574-4E0C-B6D6-8256ABA71BD7}"
EndProject
Global
	GlobalSection(SolutionConfigurationPlatforms) = preSolution
		Debug|Any CPU = Debug|Any CPU
		Release|Any CPU = Release|Any CPU
	EndGlobalSection
	GlobalSection(ProjectConfigurationPlatforms) = postSolution
		{53A4D182-0574-4E0C-B6D6-8256ABA71BD7}.Debug|Any CPU.ActiveCfg = Debug|Any CPU
		{53A4D182-0574-4E0C-B6D6-8256ABA71BD7}.Debug|Any CPU.Build.0 = Debug|Any CPU
		{53A4D182-0574-4E0C-B6D6-8256ABA71BD7}.Release|Any CPU.ActiveCfg = Release|Any CPU
		{53A4D182-0574-4E0C-B6D6-8256ABA71BD7}.Release|Any CPU.Build.0 = Release|Any CPU
	EndGlobalSection
	GlobalSection(SolutionProperties) = preSolution
		HideSolutionNode = FALSE
	EndGlobalSection
	GlobalSection(ExtensibilityGlobals) = postSolution
		SolutionGuid = {DA1EC0E4-F086-441D-BA35-6C3199B39A2A}
	EndGlobalSection
EndGlobal
