
Microsoft Visual Studio Solution File, Format Version 12.00
# Visual Studio Version 17
VisualStudioVersion = 17.6.33815.320
MinimumVisualStudioVersion = 10.0.40219.1
Project("{9A19103F-16F7-4668-BE54-9A1E7A4F7556}") = "Strategy", "Strategy.csproj", "{00151017-30B4-4405-AC54-904DF67228F2}"
EndProject
Global
	GlobalSection(SolutionConfigurationPlatforms) = preSolution
		Debug|Any CPU = Debug|Any CPU
		Release|Any CPU = Release|Any CPU
	EndGlobalSection
	GlobalSection(ProjectConfigurationPlatforms) = postSolution
		{00151017-30B4-4405-AC54-904DF67228F2}.Debug|Any CPU.ActiveCfg = Debug|Any CPU
		{00151017-30B4-4405-AC54-904DF67228F2}.Debug|Any CPU.Build.0 = Debug|Any CPU
		{00151017-30B4-4405-AC54-904DF67228F2}.Release|Any CPU.ActiveCfg = Release|Any CPU
		{00151017-30B4-4405-AC54-904DF67228F2}.Release|Any CPU.Build.0 = Release|Any CPU
	EndGlobalSection
	GlobalSection(SolutionProperties) = preSolution
		HideSolutionNode = FALSE
	EndGlobalSection
	GlobalSection(ExtensibilityGlobals) = postSolution
		SolutionGuid = {5E835901-A521-4329-ACEF-A8EF5AB21A77}
	EndGlobalSection
EndGlobal
