
Microsoft Visual Studio Solution File, Format Version 12.00
# Visual Studio 15
Project("{FAE04EC0-301F-11D3-BF4B-00C04F79EFBC}") = "Builder", "Builder\Builder.csproj", "{B27A423C-9846-4696-8C28-D37F6EFD9225}"
EndProject
Global
	GlobalSection(SolutionConfigurationPlatforms) = preSolution
		Debug|Any CPU = Debug|Any CPU
		Release|Any CPU = Release|Any CPU
	EndGlobalSection
	GlobalSection(ProjectConfigurationPlatforms) = postSolution
		{B27A423C-9846-4696-8C28-D37F6EFD9225}.Debug|Any CPU.ActiveCfg = Debug|Any CPU
		{B27A423C-9846-4696-8C28-D37F6EFD9225}.Debug|Any CPU.Build.0 = Debug|Any CPU
		{B27A423C-9846-4696-8C28-D37F6EFD9225}.Release|Any CPU.ActiveCfg = Release|Any CPU
		{B27A423C-9846-4696-8C28-D37F6EFD9225}.Release|Any CPU.Build.0 = Release|Any CPU
	EndGlobalSection
EndGlobal
