
Microsoft Visual Studio Solution File, Format Version 12.00
# Visual Studio 15
Project("{FAE04EC0-301F-11D3-BF4B-00C04F79EFBC}") = "Adapter", "Adapter\Adapter.csproj", "{3DE4633E-7D2D-4E41-8BF2-6F7EB6D3A4AA}"
EndProject
Global
	GlobalSection(SolutionConfigurationPlatforms) = preSolution
		Debug|Any CPU = Debug|Any CPU
		Release|Any CPU = Release|Any CPU
	EndGlobalSection
	GlobalSection(ProjectConfigurationPlatforms) = postSolution
		{3DE4633E-7D2D-4E41-8BF2-6F7EB6D3A4AA}.Debug|Any CPU.ActiveCfg = Debug|Any CPU
		{3DE4633E-7D2D-4E41-8BF2-6F7EB6D3A4AA}.Debug|Any CPU.Build.0 = Debug|Any CPU
		{3DE4633E-7D2D-4E41-8BF2-6F7EB6D3A4AA}.Release|Any CPU.ActiveCfg = Release|Any CPU
		{3DE4633E-7D2D-4E41-8BF2-6F7EB6D3A4AA}.Release|Any CPU.Build.0 = Release|Any CPU
	EndGlobalSection
EndGlobal
